
Microsoft Visual Studio Solution File, Format Version 12.00
# Visual Studio Version 17
VisualStudioVersion = 17.0.32126.317
MinimumVisualStudioVersion = 10.0.40219.1
Project("{9A19103F-16F7-4668-BE54-9A1E7A4F7556}") = "JSONLogger", "JSONLogger.csproj", "{5E304FCB-F878-4487-907F-C476FF4D2317}"
EndProject
Global
	GlobalSection(SolutionConfigurationPlatforms) = preSolution
		Debug|Any CPU = Debug|Any CPU
		Release|Any CPU = Release|Any CPU
	EndGlobalSection
	GlobalSection(ProjectConfigurationPlatforms) = postSolution
		{5E304FCB-F878-4487-907F-C476FF4D2317}.Debug|Any CPU.ActiveCfg = Debug|Any CPU
		{5E304FCB-F878-4487-907F-C476FF4D2317}.Debug|Any CPU.Build.0 = Debug|Any CPU
		{5E304FCB-F878-4487-907F-C476FF4D2317}.Release|Any CPU.ActiveCfg = Release|Any CPU
		{5E304FCB-F878-4487-907F-C476FF4D2317}.Release|Any CPU.Build.0 = Release|Any CPU
	EndGlobalSection
	GlobalSection(SolutionProperties) = preSolution
		HideSolutionNode = FALSE
	EndGlobalSection
	GlobalSection(ExtensibilityGlobals) = postSolution
		SolutionGuid = {222F0BC1-F462-4F8D-9932-AFA65FD76F05}
	EndGlobalSection
EndGlobal
